
Microsoft Visual Studio Solution File, Format Version 12.00
# Visual Studio Version 17
VisualStudioVersion = 17.14.36915.13
MinimumVisualStudioVersion = 10.0.40219.1
Project("{FAE04EC0-301F-11D3-BF4B-00C04F79EFBC}") = "QLBH.WEB", "QLBH.WEB.csproj", "{089C23CC-9A17-440E-B055-1DE1EF3F3721}"
EndProject
Project("{FAE04EC0-301F-11D3-BF4B-00C04F79EFBC}") = "QLBH.API", "..\QLBH.API\QLBH.API.csproj", "{D3BAB457-1EFD-DF93-2D74-60E3FE45BB88}"
EndProject
Project("{FAE04EC0-301F-11D3-BF4B-00C04F79EFBC}") = "QLBH.BLL", "..\QLBH.BLL\QLBH.BLL.csproj", "{642BAF0B-3990-A59E-A5C2-6084336711B0}"
EndProject
Project("{FAE04EC0-301F-11D3-BF4B-00C04F79EFBC}") = "QLBH.DAL", "..\QLBH.DAL\QLBH.DAL.csproj", "{A0074F7C-0EAF-2D42-3305-737CA70643FD}"
EndProject
Project("{FAE04EC0-301F-11D3-BF4B-00C04F79EFBC}") = "QLBH.DTO", "..\QLBH.DTO\QLBH.DTO.csproj", "{092AF0AA-4F99-F3A8-A1D0-AA7C4422D031}"
EndProject
Global
	GlobalSection(SolutionConfigurationPlatforms) = preSolution
		Debug|Any CPU = Debug|Any CPU
		Release|Any CPU = Release|Any CPU
	EndGlobalSection
	GlobalSection(ProjectConfigurationPlatforms) = postSolution
		{089C23CC-9A17-440E-B055-1DE1EF3F3721}.Debug|Any CPU.ActiveCfg = Debug|Any CPU
		{089C23CC-9A17-440E-B055-1DE1EF3F3721}.Debug|Any CPU.Build.0 = Debug|Any CPU
		{089C23CC-9A17-440E-B055-1DE1EF3F3721}.Release|Any CPU.ActiveCfg = Release|Any CPU
		{089C23CC-9A17-440E-B055-1DE1EF3F3721}.Release|Any CPU.Build.0 = Release|Any CPU
		{D3BAB457-1EFD-DF93-2D74-60E3FE45BB88}.Debug|Any CPU.ActiveCfg = Debug|Any CPU
		{D3BAB457-1EFD-DF93-2D74-60E3FE45BB88}.Debug|Any CPU.Build.0 = Debug|Any CPU
		{D3BAB457-1EFD-DF93-2D74-60E3FE45BB88}.Release|Any CPU.ActiveCfg = Release|Any CPU
		{D3BAB457-1EFD-DF93-2D74-60E3FE45BB88}.Release|Any CPU.Build.0 = Release|Any CPU
		{642BAF0B-3990-A59E-A5C2-6084336711B0}.Debug|Any CPU.ActiveCfg = Debug|Any CPU
		{642BAF0B-3990-A59E-A5C2-6084336711B0}.Debug|Any CPU.Build.0 = Debug|Any CPU
		{642BAF0B-3990-A59E-A5C2-6084336711B0}.Release|Any CPU.ActiveCfg = Release|Any CPU
		{642BAF0B-3990-A59E-A5C2-6084336711B0}.Release|Any CPU.Build.0 = Release|Any CPU
		{A0074F7C-0EAF-2D42-3305-737CA70643FD}.Debug|Any CPU.ActiveCfg = Debug|Any CPU
		{A0074F7C-0EAF-2D42-3305-737CA70643FD}.Debug|Any CPU.Build.0 = Debug|Any CPU
		{A0074F7C-0EAF-2D42-3305-737CA70643FD}.Release|Any CPU.ActiveCfg = Release|Any CPU
		{A0074F7C-0EAF-2D42-3305-737CA70643FD}.Release|Any CPU.Build.0 = Release|Any CPU
		{092AF0AA-4F99-F3A8-A1D0-AA7C4422D031}.Debug|Any CPU.ActiveCfg = Debug|Any CPU
		{092AF0AA-4F99-F3A8-A1D0-AA7C4422D031}.Debug|Any CPU.Build.0 = Debug|Any CPU
		{092AF0AA-4F99-F3A8-A1D0-AA7C4422D031}.Release|Any CPU.ActiveCfg = Release|Any CPU
		{092AF0AA-4F99-F3A8-A1D0-AA7C4422D031}.Release|Any CPU.Build.0 = Release|Any CPU
	EndGlobalSection
	GlobalSection(SolutionProperties) = preSolution
		HideSolutionNode = FALSE
	EndGlobalSection
	GlobalSection(ExtensibilityGlobals) = postSolution
		SolutionGuid = {E1008DD8-0C41-468A-B1C5-6253146239CB}
	EndGlobalSection
EndGlobal
